
Microsoft Visual Studio Solution File, Format Version 12.00
# Visual Studio Version 17
VisualStudioVersion = 17.1.32421.90
MinimumVisualStudioVersion = 10.0.40219.1
Project("{9A19103F-16F7-4668-BE54-9A1E7A4F7556}") = "TournamentTrackerLibrary", "TournamentTracker\TournamentTrackerLibrary.csproj", "{77C5300D-CBAC-47D2-A670-85895496CB9F}"
EndProject
Project("{FAE04EC0-301F-11D3-BF4B-00C04F79EFBC}") = "TournamentTrackerUI", "TournamentTrackerUI\TournamentTrackerUI.csproj", "{B5691B52-765B-4CC1-B0AD-996B2D74FC77}"
EndProject
Global
	GlobalSection(SolutionConfigurationPlatforms) = preSolution
		Debug|Any CPU = Debug|Any CPU
		Release|Any CPU = Release|Any CPU
	EndGlobalSection
	GlobalSection(ProjectConfigurationPlatforms) = postSolution
		{77C5300D-CBAC-47D2-A670-85895496CB9F}.Debug|Any CPU.ActiveCfg = Debug|Any CPU
		{77C5300D-CBAC-47D2-A670-85895496CB9F}.Debug|Any CPU.Build.0 = Debug|Any CPU
		{77C5300D-CBAC-47D2-A670-85895496CB9F}.Release|Any CPU.ActiveCfg = Release|Any CPU
		{77C5300D-CBAC-47D2-A670-85895496CB9F}.Release|Any CPU.Build.0 = Release|Any CPU
		{B5691B52-765B-4CC1-B0AD-996B2D74FC77}.Debug|Any CPU.ActiveCfg = Debug|Any CPU
		{B5691B52-765B-4CC1-B0AD-996B2D74FC77}.Debug|Any CPU.Build.0 = Debug|Any CPU
		{B5691B52-765B-4CC1-B0AD-996B2D74FC77}.Release|Any CPU.ActiveCfg = Release|Any CPU
		{B5691B52-765B-4CC1-B0AD-996B2D74FC77}.Release|Any CPU.Build.0 = Release|Any CPU
	EndGlobalSection
	GlobalSection(SolutionProperties) = preSolution
		HideSolutionNode = FALSE
	EndGlobalSection
	GlobalSection(ExtensibilityGlobals) = postSolution
		SolutionGuid = {2234996D-7BE4-4FE5-B3DA-9AA3745618F9}
	EndGlobalSection
EndGlobal
